<?xml version="1.0" encoding="utf-8"?>
<Project ToolsVersion="4.0" xmlns="http://schemas.microsoft.com/developer/msbuild/2003">
  <ItemGroup>
    <Filter Include="Core">
      <UniqueIdentifier>{0BD157E5-4A7D-45D7-BEA4-FC21CE9D46F5}</UniqueIdentifier>
    </Filter>
    <Filter Include="UI">
      <UniqueIdentifier>{4D5428E0-09D4-47F4-8B15-ED8D0A1173A4}</UniqueIdentifier>
    </Filter>
    <Filter Include="Resource Files">
      <UniqueIdentifier>{7EEA5D07-F7C9-4228-8ED6-A4B52EDCE8FC}</UniqueIdentifier>
      <Extensions>rc;ico;cur;bmp;dlg;rc2;rct;bin;rgs;gif;jpg;jpeg;jpe;resx;wav</Extensions>
    </Filter>
    <Filter Include="Vendor">
      <UniqueIdentifier>{9235A6AA-24CB-4B95-A4D8-5A8B9A8E2C6D}</UniqueIdentifier>
    </Filter>
  </ItemGroup>
  <ItemGroup>
    <ClCompile Include="main.cpp" />
    <ClCompile Include="Core\BinaryDocument.cpp">
      <Filter>Core</Filter>
    </ClCompile>
    <ClCompile Include="Core\TransitionMatrix.cpp">
      <Filter>Core</Filter>
    </ClCompile>
    <ClCompile Include="Core\ByteFormatter.cpp">
      <Filter>Core</Filter>
    </ClCompile>
    <ClCompile Include="UI\Application.cpp">
      <Filter>UI</Filter>
    </ClCompile>
    <ClCompile Include="UI\HexViewPanel.cpp">
      <Filter>UI</Filter>
    </ClCompile>
    <ClCompile Include="UI\InspectorPanel.cpp">
      <Filter>UI</Filter>
    </ClCompile>
    <ClCompile Include="UI\StatusBar.cpp">
      <Filter>UI</Filter>
    </ClCompile>
    <ClCompile Include="..\vendor\imgui\imgui.cpp">
      <Filter>Vendor</Filter>
    </ClCompile>
    <ClCompile Include="..\vendor\imgui\imgui_draw.cpp">
      <Filter>Vendor</Filter>
    </ClCompile>
    <ClCompile Include="..\vendor\imgui\imgui_tables.cpp">
      <Filter>Vendor</Filter>
    </ClCompile>
    <ClCompile Include="..\vendor\imgui\imgui_widgets.cpp">
      <Filter>Vendor</Filter>
    </ClCompile>
    <ClCompile Include="..\vendor\imgui\backends\imgui_impl_dx11.cpp">
      <Filter>Vendor</Filter>
    </ClCompile>
    <ClCompile Include="..\vendor\imgui\backends\imgui_impl_win32.cpp">
      <Filter>Vendor</Filter>
    </ClCompile>
  </ItemGroup>
  <ItemGroup>
    <ClInclude Include="Core\BinaryDocument.h">
      <Filter>Core</Filter>
    </ClInclude>
    <ClInclude Include="Core\TransitionMatrix.h">
      <Filter>Core</Filter>
    </ClInclude>
    <ClInclude Include="Core\ByteFormatter.h">
      <Filter>Core</Filter>
    </ClInclude>
    <ClInclude Include="Core\CrosshairCoords.h">
      <Filter>Core</Filter>
    </ClInclude>
    <ClInclude Include="UI\Application.h">
      <Filter>UI</Filter>
    </ClInclude>
    <ClInclude Include="UI\HexViewPanel.h">
      <Filter>UI</Filter>
    </ClInclude>
    <ClInclude Include="UI\InspectorPanel.h">
      <Filter>UI</Filter>
    </ClInclude>
    <ClInclude Include="UI\StatusBar.h">
      <Filter>UI</Filter>
    </ClInclude>
    <ClInclude Include="UI\UIConstants.h">
      <Filter>UI</Filter>
    </ClInclude>
    <ClInclude Include="UI\UILayoutLogic.h">
      <Filter>UI</Filter>
    </ClInclude>
    <ClInclude Include="Version.h" />
    <ClInclude Include="resource.h" />
  </ItemGroup>
  <ItemGroup>
    <ResourceCompile Include="app.rc">
      <Filter>Resource Files</Filter>
    </ResourceCompile>
  </ItemGroup>
</Project>
